
Microsoft Visual Studio Solution File, Format Version 12.00
# Visual Studio Version 17
VisualStudioVersion = 17.1.31911.260
MinimumVisualStudioVersion = 10.0.40219.1
Project("{9A19103F-16F7-4668-BE54-9A1E7A4F7556}") = "Narumikazuchi.Extensibility", "Narumikazuchi.Extensibility\Narumikazuchi.Extensibility.csproj", "{C25E19E9-47F3-4650-85F1-7252414825B9}"
EndProject
Project("{9A19103F-16F7-4668-BE54-9A1E7A4F7556}") = "UnitTest", "UnitTest\UnitTest.csproj", "{FFECD46B-247E-4BA4-884D-11BDF0620DA4}"
EndProject
Project("{9A19103F-16F7-4668-BE54-9A1E7A4F7556}") = "TestAddInLib", "TestAddInLib\TestAddInLib.csproj", "{AB3A030E-2445-4EC2-9728-EB82162C1554}"
EndProject
Project("{9A19103F-16F7-4668-BE54-9A1E7A4F7556}") = "TestAddInInterface", "TestAddInInterface\TestAddInInterface.csproj", "{EB326300-94FF-4405-842A-87D2923B55E7}"
EndProject
Global
	GlobalSection(SolutionConfigurationPlatforms) = preSolution
		Debug|Any CPU = Debug|Any CPU
		Release|Any CPU = Release|Any CPU
	EndGlobalSection
	GlobalSection(ProjectConfigurationPlatforms) = postSolution
		{C25E19E9-47F3-4650-85F1-7252414825B9}.Debug|Any CPU.ActiveCfg = Debug|Any CPU
		{C25E19E9-47F3-4650-85F1-7252414825B9}.Debug|Any CPU.Build.0 = Debug|Any CPU
		{C25E19E9-47F3-4650-85F1-7252414825B9}.Release|Any CPU.ActiveCfg = Release|Any CPU
		{C25E19E9-47F3-4650-85F1-7252414825B9}.Release|Any CPU.Build.0 = Release|Any CPU
		{FFECD46B-247E-4BA4-884D-11BDF0620DA4}.Debug|Any CPU.ActiveCfg = Debug|Any CPU
		{FFECD46B-247E-4BA4-884D-11BDF0620DA4}.Debug|Any CPU.Build.0 = Debug|Any CPU
		{FFECD46B-247E-4BA4-884D-11BDF0620DA4}.Release|Any CPU.ActiveCfg = Release|Any CPU
		{FFECD46B-247E-4BA4-884D-11BDF0620DA4}.Release|Any CPU.Build.0 = Release|Any CPU
		{AB3A030E-2445-4EC2-9728-EB82162C1554}.Debug|Any CPU.ActiveCfg = Debug|Any CPU
		{AB3A030E-2445-4EC2-9728-EB82162C1554}.Debug|Any CPU.Build.0 = Debug|Any CPU
		{AB3A030E-2445-4EC2-9728-EB82162C1554}.Release|Any CPU.ActiveCfg = Release|Any CPU
		{AB3A030E-2445-4EC2-9728-EB82162C1554}.Release|Any CPU.Build.0 = Release|Any CPU
		{EB326300-94FF-4405-842A-87D2923B55E7}.Debug|Any CPU.ActiveCfg = Debug|Any CPU
		{EB326300-94FF-4405-842A-87D2923B55E7}.Debug|Any CPU.Build.0 = Debug|Any CPU
		{EB326300-94FF-4405-842A-87D2923B55E7}.Release|Any CPU.ActiveCfg = Release|Any CPU
		{EB326300-94FF-4405-842A-87D2923B55E7}.Release|Any CPU.Build.0 = Release|Any CPU
	EndGlobalSection
	GlobalSection(SolutionProperties) = preSolution
		HideSolutionNode = FALSE
	EndGlobalSection
	GlobalSection(ExtensibilityGlobals) = postSolution
		SolutionGuid = {FB4475B8-E3BC-4D85-AF8E-9E2C602907AB}
	EndGlobalSection
EndGlobal
